
Microsoft Visual Studio Solution File, Format Version 12.00
# Visual Studio 15
VisualStudioVersion = 15.0.28307.1062
MinimumVisualStudioVersion = 10.0.40219.1
Project("{9A19103F-16F7-4668-BE54-9A1E7A4F7556}") = "Innexus.SmartFactory.Web", "Innexus.SmartFactory.Web\Innexus.SmartFactory.Web.csproj", "{B5F853B9-FB01-4A4B-B3E7-10E6898A993C}"
EndProject
Project("{FAE04EC0-301F-11D3-BF4B-00C04F79EFBC}") = "Innexus.SmartFactory.Data", "Innexus.SmartFactory.Data\Innexus.SmartFactory.Data.csproj", "{B4D049A1-9462-4402-9EC5-0CBA0F6BF49C}"
EndProject
Global
	GlobalSection(SolutionConfigurationPlatforms) = preSolution
		Debug|Any CPU = Debug|Any CPU
		Release|Any CPU = Release|Any CPU
	EndGlobalSection
	GlobalSection(ProjectConfigurationPlatforms) = postSolution
		{B5F853B9-FB01-4A4B-B3E7-10E6898A993C}.Debug|Any CPU.ActiveCfg = Debug|Any CPU
		{B5F853B9-FB01-4A4B-B3E7-10E6898A993C}.Debug|Any CPU.Build.0 = Debug|Any CPU
		{B5F853B9-FB01-4A4B-B3E7-10E6898A993C}.Release|Any CPU.ActiveCfg = Release|Any CPU
		{B5F853B9-FB01-4A4B-B3E7-10E6898A993C}.Release|Any CPU.Build.0 = Release|Any CPU
		{B4D049A1-9462-4402-9EC5-0CBA0F6BF49C}.Debug|Any CPU.ActiveCfg = Debug|Any CPU
		{B4D049A1-9462-4402-9EC5-0CBA0F6BF49C}.Debug|Any CPU.Build.0 = Debug|Any CPU
		{B4D049A1-9462-4402-9EC5-0CBA0F6BF49C}.Release|Any CPU.ActiveCfg = Release|Any CPU
		{B4D049A1-9462-4402-9EC5-0CBA0F6BF49C}.Release|Any CPU.Build.0 = Release|Any CPU
	EndGlobalSection
	GlobalSection(SolutionProperties) = preSolution
		HideSolutionNode = FALSE
	EndGlobalSection
	GlobalSection(ExtensibilityGlobals) = postSolution
		SolutionGuid = {5BE98F31-7FB9-443D-A690-9C4FF1D925BC}
	EndGlobalSection
EndGlobal
